# This file is autogenerated, do not edit; changes may be undone by the next 'dep ensure'.


[[projects]]
  digest = "1:9253471a17c6fe0a3994308305b927d943fe13eb4dd1a86cd60515c27bc6d7c3"
  name = "github.com/akamensky/argparse"
  packages = ["."]
  pruneopts = "UT"
  revision = "4604d963804ea8f6451bb0a8d23c4bb118bb44d4"
  version = "v1.1.0"

[[projects]]
  digest = "1:a0030223c2eb35eacc6610931522b12bba854515944ff413d81c7e47ea284fd2"
  name = "github.com/dmgk/faker"
  packages = ["locales"]
  pruneopts = "UT"
  revision = "43454d133ca96960e67f5ecb86c9a67d9c7a145a"
  version = "v1.0.0"

[[projects]]
  digest = "1:31e761d97c76151dde79e9d28964a812c46efc5baee4085b86f68f0c654450de"
  name = "github.com/konsorten/go-windows-terminal-sequences"
  packages = ["."]
  pruneopts = "UT"
  revision = "f55edac94c9bbba5d6182a4be46d86a2c9b5b50e"
  version = "v1.0.2"

[[projects]]
  digest = "1:6448a0a5d096f4ad1e8bb07b8e2bc37fd835de4b5f633f3ca50f67dfa97e1439"
  name = "github.com/omnea/faker"
  packages = [
    ".",
    "locales",
  ]
  pruneopts = "UT"
  revision = "43454d133ca96960e67f5ecb86c9a67d9c7a145a"
  version = "v1.0.0"

[[projects]]
  digest = "1:04457f9f6f3ffc5fea48e71d62f2ca256637dee0a04d710288e27e05c8b41976"
  name = "github.com/sirupsen/logrus"
  packages = ["."]
  pruneopts = "UT"
  revision = "839c75faf7f98a33d445d181f3018b5c3409a45e"
  version = "v1.4.2"

[[projects]]
  branch = "master"
  digest = "1:c364e1046df58e7c1731edd337145461011d129bbb876932d9e5bbf105d07888"
  name = "github.com/xwb1989/sqlparser"
  packages = [
    ".",
    "dependency/bytes2",
    "dependency/hack",
    "dependency/querypb",
    "dependency/sqltypes",
  ]
  pruneopts = "UT"
  revision = "120387863bf27d04bc07db8015110a6e96d0146c"

[[projects]]
  branch = "master"
  digest = "1:e13350b7207ecc34977340d53522e0335dd36ed86ca7c346a36d2e88eb0fadfc"
  name = "golang.org/x/sys"
  packages = ["unix"]
  pruneopts = "UT"
  revision = "548cf772de5052aa878ccb47cdeb7d262b75c8ec"

[solve-meta]
  analyzer-name = "dep"
  analyzer-version = 1
  input-imports = [
    "github.com/akamensky/argparse",
    "github.com/omnea/faker",
    "github.com/omnea/faker/locales",
    "github.com/sirupsen/logrus",
    "github.com/xwb1989/sqlparser",
  ]
  solver-name = "gps-cdcl"
  solver-version = 1
